// !$*UTF8*$!
{
	archiveVersion = 1;
	classes = {
	};
	objectVersion = 46;
	objects = {

/* Begin PBXBuildFile section */
		142053E41DB070C00088A820 /* AppDelegate.swift in Sources */ = {isa = PBXBuildFile; fileRef = 142053E31DB070C00088A820 /* AppDelegate.swift */; };
		142053E61DB070C00088A820 /* ViewController.swift in Sources */ = {isa = PBXBuildFile; fileRef = 142053E51DB070C00088A820 /* ViewController.swift */; };
		142053E91DB070C00088A820 /* Main.storyboard in Resources */ = {isa = PBXBuildFile; fileRef = 142053E71DB070C00088A820 /* Main.storyboard */; };
		142053EB1DB070C00088A820 /* Assets.xcassets in Resources */ = {isa = PBXBuildFile; fileRef = 142053EA1DB070C00088A820 /* Assets.xcassets */; };
		142053EE1DB070C00088A820 /* LaunchScreen.storyboard in Resources */ = {isa = PBXBuildFile; fileRef = 142053EC1DB070C00088A820 /* LaunchScreen.storyboard */; };
/* End PBXBuildFile section */

/* Begin PBXFileReference section */
		142053E01DB070C00088A820 /* clickme.app */ = {isa = PBXFileReference; explicitFileType = wrapper.application; includeInIndex = 0; path = clickme.app; sourceTree = BUILT_PRODUCTS_DIR; };
		142053E31DB070C00088A820 /* AppDelegate.swift */ = {isa = PBXFileReference; lastKnownFileType = sourcecode.swift; path = AppDelegate.swift; sourceTree = "<group>"; };
		142053E51DB070C00088A820 /* ViewController.swift */ = {isa = PBXFileReference; lastKnownFileType = sourcecode.swift; path = ViewController.swift; sourceTree = "<group>"; };
		142053E81DB070C00088A820 /* Base */ = {isa = PBXFileReference; lastKnownFileType = file.storyboard; name = Base; path = Base.lproj/Main.storyboard; sourceTree = "<group>"; };
		142053EA1DB070C00088A820 /* Assets.xcassets */ = {isa = PBXFileReference; lastKnownFileType = folder.assetcatalog; path = Assets.xcassets; sourceTree = "<group>"; };
		142053ED1DB070C00088A820 /* Base */ = {isa = PBXFileReference; lastKnownFileType = file.storyboard; name = Base; path = Base.lproj/LaunchScreen.storyboard; sourceTree = "<group>"; };
		142053EF1DB070C00088A820 /* Info.plist */ = {isa = PBXFileReference; lastKnownFileType = text.plist.xml; path = Info.plist; sourceTree = "<group>"; };
/* End PBXFileReference section */

/* Begin PBXFrameworksBuildPhase section */
		142053DD1DB070C00088A820 /* Frameworks */ = {
			isa = PBXFrameworksBuildPhase;
			buildActionMask = 2147483647;
			files = (
			);
			runOnlyForDeploymentPostprocessing = 0;
		};
/* End PBXFrameworksBuildPhase section */

/* Begin PBXGroup section */
		142053D71DB070C00088A820 = {
			isa = PBXGroup;
			children = (
				142053E21DB070C00088A820 /* clickme */,
				142053E11DB070C00088A820 /* Products */,
			);
			sourceTree = "<group>";
		};
		142053E11DB070C00088A820 /* Products */ = {
			isa = PBXGroup;
			children = (
				142053E01DB070C00088A820 /* clickme.app */,
			);
			name = Products;
			sourceTree = "<group>";
		};
		142053E21DB070C00088A820 /* clickme */ = {
			isa = PBXGroup;
			children = (
				142053E31DB070C00088A820 /* AppDelegate.swift */,
				142053E51DB070C00088A820 /* ViewController.swift */,
				142053E71DB070C00088A820 /* Main.storyboard */,
				142053EA1DB070C00088A820 /* Assets.xcassets */,
				142053EC1DB070C00088A820 /* LaunchScreen.storyboard */,
				142053EF1DB070C00088A820 /* Info.plist */,
			);
			path = clickme;
			sourceTree = "<group>";
		};
/* End PBXGroup section */

/* Begin PBXNativeTarget section */
		142053DF1DB070C00088A820 /* clickme */ = {
			isa = PBXNativeTarget;
			buildConfigurationList = 142053F21DB070C00088A820 /* Build configuration list for PBXNativeTarget "clickme" */;
			buildPhases = (
				142053DC1DB070C00088A820 /* Sources */,
				142053DD1DB070C00088A820 /* Frameworks */,
				142053DE1DB070C00088A820 /* Resources */,
			);
			buildRules = (
			);
			dependencies = (
			);
			name = clickme;
			productName = clickme;
			productReference = 142053E01DB070C00088A820 /* clickme.app */;
			productType = "com.apple.product-type.application";
		};
/* End PBXNativeTarget section */

/* Begin PBXProject section */
		142053D81DB070C00088A820 /* Project object */ = {
			isa = PBXProject;
			attributes = {
				LastSwiftUpdateCheck = 0800;
				LastUpgradeCheck = 0800;
				ORGANIZATIONNAME = "Sean Chandler";
				TargetAttributes = {
					142053DF1DB070C00088A820 = {
						CreatedOnToolsVersion = 8.0;
						ProvisioningStyle = Automatic;
					};
				};
			};
			buildConfigurationList = 142053DB1DB070C00088A820 /* Build configuration list for PBXProject "clickme" */;
			compatibilityVersion = "Xcode 3.2";
			developmentRegion = English;
			hasScannedForEncodings = 0;
			knownRegions = (
				en,
				Base,
			);
			mainGroup = 142053D71DB070C00088A820;
			productRefGroup = 142053E11DB070C00088A820 /* Products */;
			projectDirPath = "";
			projectRoot = "";
			targets = (
				142053DF1DB070C00088A820 /* clickme */,
			);
		};
/* End PBXProject section */

/* Begin PBXResourcesBuildPhase section */
		142053DE1DB070C00088A820 /* Resources */ = {
			isa = PBXResourcesBuildPhase;
			buildActionMask = 2147483647;
			files = (
				142053EE1DB070C00088A820 /* LaunchScreen.storyboard in Resources */,
				142053EB1DB070C00088A820 /* Assets.xcassets in Resources */,
				142053E91DB070C00088A820 /* Main.storyboard in Resources */,
			);
			runOnlyForDeploymentPostprocessing = 0;
		};
/* End PBXResourcesBuildPhase section */

/* Begin PBXSourcesBuildPhase section */
		142053DC1DB070C00088A820 /* Sources */ = {
			isa = PBXSourcesBuildPhase;
			buildActionMask = 2147483647;
			files = (
				142053E61DB070C00088A820 /* ViewController.swift in Sources */,
				142053E41DB070C00088A820 /* AppDelegate.swift in Sources */,
			);
			runOnlyForDeploymentPostprocessing = 0;
		};
/* End PBXSourcesBuildPhase section */

/* Begin PBXVariantGroup section */
		142053E71DB070C00088A820 /* Main.storyboard */ = {
			isa = PBXVariantGroup;
			children = (
				142053E81DB070C00088A820 /* Base */,
			);
			name = Main.storyboard;
			sourceTree = "<group>";
		};
		142053EC1DB070C00088A820 /* LaunchScreen.storyboard */ = {
			isa = PBXVariantGroup;
			children = (
				142053ED1DB070C00088A820 /* Base */,
			);
			name = LaunchScreen.storyboard;
			sourceTree = "<group>";
		};
/* End PBXVariantGroup section */

/* Begin XCBuildConfiguration section */
		142053F01DB070C00088A820 /* Debug */ = {
			isa = XCBuildConfiguration;
			buildSettings = {
				ALWAYS_SEARCH_USER_PATHS = NO;
				CLANG_ANALYZER_NONNULL = YES;
				CLANG_CXX_LANGUAGE_STANDARD = "gnu++0x";
				CLANG_CXX_LIBRARY = "libc++";
				CLANG_ENABLE_MODULES = YES;
				CLANG_ENABLE_OBJC_ARC = YES;
				CLANG_WARN_BOOL_CONVERSION = YES;
				CLANG_WARN_CONSTANT_CONVERSION = YES;
				CLANG_WARN_DIRECT_OBJC_ISA_USAGE = YES_ERROR;
				CLANG_WARN_DOCUMENTATION_COMMENTS = YES;
				CLANG_WARN_EMPTY_BODY = YES;
				CLANG_WARN_ENUM_CONVERSION = YES;
				CLANG_WARN_INFINITE_RECURSION = YES;
				CLANG_WARN_INT_CONVERSION = YES;
				CLANG_WARN_OBJC_ROOT_CLASS = YES_ERROR;
				CLANG_WARN_SUSPICIOUS_MOVES = YES;
				CLANG_WARN_UNREACHABLE_CODE = YES;
				CLANG_WARN__DUPLICATE_METHOD_MATCH = YES;
				"CODE_SIGN_IDENTITY[sdk=iphoneos*]" = "iPhone Developer";
				COPY_PHASE_STRIP = NO;
				DEBUG_INFORMATION_FORMAT = dwarf;
				ENABLE_STRICT_OBJC_MSGSEND = YES;
				ENABLE_TESTABILITY = YES;
				GCC_C_LANGUAGE_STANDARD = gnu99;
				GCC_DYNAMIC_NO_PIC = NO;
				GCC_NO_COMMON_BLOCKS = YES;
				GCC_OPTIMIZATION_LEVEL = 0;
				GCC_PREPROCESSOR_DEFINITIONS = (
					"DEBUG=1",
					"$(inherited)",
				);
				GCC_WARN_64_TO_32_BIT_CONVERSION = YES;
				GCC_WARN_ABOUT_RETURN_TYPE = YES_ERROR;
				GCC_WARN_UNDECLARED_SELECTOR = YES;
				GCC_WARN_UNINITIALIZED_AUTOS = YES_AGGRESSIVE;
				GCC_WARN_UNUSED_FUNCTION = YES;
				GCC_WARN_UNUSED_VARIABLE = YES;
				IPHONEOS_DEPLOYMENT_TARGET = 10.0;
				MTL_ENABLE_DEBUG_INFO = YES;
				ONLY_ACTIVE_ARCH = YES;
				SDKROOT = iphoneos;
				SWIFT_ACTIVE_COMPILATION_CONDITIONS = DEBUG;
				SWIFT_OPTIMIZATION_LEVEL = "-Onone";
				TARGETED_DEVICE_FAMILY = "1,2";
			};
			name = Debug;
		};
		142053F11DB070C00088A820 /* Release */ = {
			isa = XCBuildConfiguration;
			buildSettings = {
				ALWAYS_SEARCH_USER_PATHS = NO;
				CLANG_ANALYZER_NONNULL = YES;
				CLANG_CXX_LANGUAGE_STANDARD = "gnu++0x";
				CLANG_CXX_LIBRARY = "libc++";
				CLANG_ENABLE_MODULES = YES;
				CLANG_ENABLE_OBJC_ARC = YES;
				CLANG_WARN_BOOL_CONVERSION = YES;
				CLANG_WARN_CONSTANT_CONVERSION = YES;
				CLANG_WARN_DIRECT_OBJC_ISA_USAGE = YES_ERROR;
				CLANG_WARN_DOCUMENTATION_COMMENTS = YES;
				CLANG_WARN_EMPTY_BODY = YES;
				CLANG_WARN_ENUM_CONVERSION = YES;
				CLANG_WARN_INFINITE_RECURSION = YES;
				CLANG_WARN_INT_CONVERSION = YES;
				CLANG_WARN_OBJC_ROOT_CLASS = YES_ERROR;
				CLANG_WARN_SUSPICIOUS_MOVES = YES;
				CLANG_WARN_UNREACHABLE_CODE = YES;
				CLANG_WARN__DUPLICATE_METHOD_MATCH = YES;
				"CODE_SIGN_IDENTITY[sdk=iphoneos*]" = "iPhone Developer";
				COPY_PHASE_STRIP = NO;
				DEBUG_INFORMATION_FORMAT = "dwarf-with-dsym";
				ENABLE_NS_ASSERTIONS = NO;
				ENABLE_STRICT_OBJC_MSGSEND = YES;
				GCC_C_LANGUAGE_STANDARD = gnu99;
				GCC_NO_COMMON_BLOCKS = YES;
				GCC_WARN_64_TO_32_BIT_CONVERSION = YES;
				GCC_WARN_ABOUT_RETURN_TYPE = YES_ERROR;
				GCC_WARN_UNDECLARED_SELECTOR = YES;
				GCC_WARN_UNINITIALIZED_AUTOS = YES_AGGRESSIVE;
				GCC_WARN_UNUSED_FUNCTION = YES;
				GCC_WARN_UNUSED_VARIABLE = YES;
				IPHONEOS_DEPLOYMENT_TARGET = 10.0;
				MTL_ENABLE_DEBUG_INFO = NO;
				SDKROOT = iphoneos;
				SWIFT_OPTIMIZATION_LEVEL = "-Owholemodule";
				TARGETED_DEVICE_FAMILY = "1,2";
				VALIDATE_PRODUCT = YES;
			};
			name = Release;
		};
		142053F31DB070C00088A820 /* Debug */ = {
			isa = XCBuildConfiguration;
			buildSettings = {
				ASSETCATALOG_COMPILER_APPICON_NAME = AppIcon;
				INFOPLIST_FILE = clickme/Info.plist;
				LD_RUNPATH_SEARCH_PATHS = "$(inherited) @executable_path/Frameworks";
				PRODUCT_BUNDLE_IDENTIFIER = sean.clickme.clickme;
				PRODUCT_NAME = "$(TARGET_NAME)";
				SWIFT_VERSION = 3.0;
			};
			name = Debug;
		};
		142053F41DB070C00088A820 /* Release */ = {
			isa = XCBuildConfiguration;
			buildSettings = {
				ASSETCATALOG_COMPILER_APPICON_NAME = AppIcon;
				INFOPLIST_FILE = clickme/Info.plist;
				LD_RUNPATH_SEARCH_PATHS = "$(inherited) @executable_path/Frameworks";
				PRODUCT_BUNDLE_IDENTIFIER = sean.clickme.clickme;
				PRODUCT_NAME = "$(TARGET_NAME)";
				SWIFT_VERSION = 3.0;
			};
			name = Release;
		};
/* End XCBuildConfiguration section */

/* Begin XCConfigurationList section */
		142053DB1DB070C00088A820 /* Build configuration list for PBXProject "clickme" */ = {
			isa = XCConfigurationList;
			buildConfigurations = (
				142053F01DB070C00088A820 /* Debug */,
				142053F11DB070C00088A820 /* Release */,
			);
			defaultConfigurationIsVisible = 0;
			defaultConfigurationName = Release;
		};
		142053F21DB070C00088A820 /* Build configuration list for PBXNativeTarget "clickme" */ = {
			isa = XCConfigurationList;
			buildConfigurations = (
				142053F31DB070C00088A820 /* Debug */,
				142053F41DB070C00088A820 /* Release */,
			);
			defaultConfigurationIsVisible = 0;
		};
/* End XCConfigurationList section */
	};
	rootObject = 142053D81DB070C00088A820 /* Project object */;
}
